# THIS IS AN AUTOGENERATED FILE. DO NOT EDIT THIS FILE DIRECTLY.
# yarn lockfile v1


"@react-native-async-storage/async-storage@^1.17.7":
  version "1.17.10"
  resolved "https://registry.yarnpkg.com/@react-native-async-storage/async-storage/-/async-storage-1.17.10.tgz#8d6a4771912be8454a9e215eebd469b1b8e2e638"
  integrity sha512-KrR021BmBLsA0TT1AAsfH16bHYy0MSbhdAeBAqpriak3GS1T2alFcdTUvn13p0ZW6FKRD6Bd3ryU2zhU/IYYJQ==
  dependencies:
    merge-options "^3.0.4"

"@solana-mobile/mobile-wallet-adapter-protocol-web3js@^0.9.8":
  version "0.9.8"
  resolved "https://registry.yarnpkg.com/@solana-mobile/mobile-wallet-adapter-protocol-web3js/-/mobile-wallet-adapter-protocol-web3js-0.9.8.tgz#ba926158edb674974d99afae9f17a7e3106a4772"
  integrity sha512-teyQMYC2NjHzYFj1AgcVsKBWVtAm8tB6lvAp0z+1+WVFp9fABbWMXUjfrSsiwx2DCemPTbecJOULoL97HsSDpQ==
  dependencies:
    "@solana-mobile/mobile-wallet-adapter-protocol" "^0.9.8"
    bs58 "^5.0.0"
    js-base64 "^3.7.2"

"@solana-mobile/mobile-wallet-adapter-protocol@^0.9.8":
  version "0.9.8"
  resolved "https://registry.yarnpkg.com/@solana-mobile/mobile-wallet-adapter-protocol/-/mobile-wallet-adapter-protocol-0.9.8.tgz#07c238a85217e0d18b1187f92861239bfbfa4898"
  integrity sha512-tXPoJejSE1uWdGLX+iV8YXLUNeGvsrLVTf1KK+JoLKcyTy8B7z2dxll2e/N0pbAYyqQOZx5iSG4pb6RPuWnKDg==

"@solana-mobile/wallet-adapter-mobile@^0.9.7":
  version "0.9.8"
  resolved "https://registry.yarnpkg.com/@solana-mobile/wallet-adapter-mobile/-/wallet-adapter-mobile-0.9.8.tgz#1e64b1eb60e1713f3d0bf0e5d6eaafb1d20a9033"
  integrity sha512-PSn1E3h3TOrP7q6E4awF3BMOHxdz1rhUydLA+qZ5XIvTP9VXUlIOjwr0SozxmMM5pvjS7EKoQfKFHp533pHPQA==
  dependencies:
    "@react-native-async-storage/async-storage" "^1.17.7"
    "@solana-mobile/mobile-wallet-adapter-protocol-web3js" "^0.9.8"
    "@solana/wallet-adapter-base" "^0.9.17"
    js-base64 "^3.7.2"

"@solana/wallet-adapter-base@^0.9.17", "@solana/wallet-adapter-base@^0.9.18":
  version "0.9.18"
  resolved "https://registry.yarnpkg.com/@solana/wallet-adapter-base/-/wallet-adapter-base-0.9.18.tgz#9365304a76977b4446a1167b240d588f2c5448d5"
  integrity sha512-5HQFytLmb64j1Nzc6dwddZx+IUePN/PYqVMyf/ok7fN3z8Vw3EIFS8b+RFfBpj4HWbc2kqv5fpnLlaAH7q67pA==
  dependencies:
    eventemitter3 "^4.0.0"

"@solana/wallet-adapter-react@^0.15.24":
  version "0.15.24"
  resolved "https://registry.yarnpkg.com/@solana/wallet-adapter-react/-/wallet-adapter-react-0.15.24.tgz#1e31b626ca608552b5c3466730f34d4f514596dd"
  integrity sha512-4doxBsJN1WV68O57gFRwsmydA9wAfQgm662H/s7ucJ2yUe8mtMQNhjSkZA8wIgmLT0F64YnkwYuqxOrYhX80Vg==
  dependencies:
    "@solana-mobile/wallet-adapter-mobile" "^0.9.7"
    "@solana/wallet-adapter-base" "^0.9.18"
    "@solana/wallet-standard-wallet-adapter-react" "^1.0.0"

"@solana/wallet-standard-chains@^1.0.0":
  version "1.0.0"
  resolved "https://registry.yarnpkg.com/@solana/wallet-standard-chains/-/wallet-standard-chains-1.0.0.tgz#4c291a2f79f0e105ce0a47b30d98dbd7f8ba69be"
  integrity sha512-kr3+JAo7mEBhVCH9cYzjn/vXeUiZeYfB4BF6E8u3U2jq3KlZA/KB+YM976+zGumTfN0NmMXUm066pTTG9kJsNQ==
  dependencies:
    "@wallet-standard/base" "^1.0.0"

"@solana/wallet-standard-features@^1.0.0":
  version "1.0.0"
  resolved "https://registry.yarnpkg.com/@solana/wallet-standard-features/-/wallet-standard-features-1.0.0.tgz#fee71c47fa8c4bacbdc5c8750487e60a2e5e6746"
  integrity sha512-cZKUm2w67MQOAzbfdZCGAbePWuqSwpvpbWA2K2D0UcHX30I8ry8YEeHlqwqULIOTeY8lRCHu8WMxZwC9iMEqHQ==
  dependencies:
    "@wallet-standard/base" "^1.0.0"
    "@wallet-standard/features" "^1.0.0"

"@solana/wallet-standard-util@^1.0.0":
  version "1.0.0"
  resolved "https://registry.yarnpkg.com/@solana/wallet-standard-util/-/wallet-standard-util-1.0.0.tgz#597b3a240f1855d25d93c2cd7efe8631a1a241ac"
  integrity sha512-qRAOBXnN7dwvtgzTtxIHsSeJAMbGNZdSWs57TT8pCyBrKL5dVxaK2u95Dm17SRSzwfKl/EByV1lTjOxXyKWS+g==
  dependencies:
    "@solana/wallet-standard-chains" "^1.0.0"
    "@solana/wallet-standard-features" "^1.0.0"

"@solana/wallet-standard-wallet-adapter-base@^1.0.0":
  version "1.0.0"
  resolved "https://registry.yarnpkg.com/@solana/wallet-standard-wallet-adapter-base/-/wallet-standard-wallet-adapter-base-1.0.0.tgz#963724ab519fa4e2a19b673927bc53c89ff8523a"
  integrity sha512-PG5Ik96nt+wCVCESbj1QD5X9iExIChHRivsIi26CMpOR4jm3lOIBshqTl65NJLOWJN+An5bYRswyuUEOMxfFiA==
  dependencies:
    "@solana/wallet-adapter-base" "^0.9.18"
    "@solana/wallet-standard-chains" "^1.0.0"
    "@solana/wallet-standard-features" "^1.0.0"
    "@solana/wallet-standard-util" "^1.0.0"
    "@wallet-standard/app" "^1.0.0"
    "@wallet-standard/base" "^1.0.0"
    "@wallet-standard/features" "^1.0.0"
    "@wallet-standard/wallet" "^1.0.0"

"@solana/wallet-standard-wallet-adapter-react@^1.0.0":
  version "1.0.0"
  resolved "https://registry.yarnpkg.com/@solana/wallet-standard-wallet-adapter-react/-/wallet-standard-wallet-adapter-react-1.0.0.tgz#d84935e54ddfc484b4a362ad1ebcbf995f41de94"
  integrity sha512-lIXQ6U1F2jeFCoOY5bsCR+FUQ6uLbZbLOUF4YuItG0gvAL/2/92DyelKmdkocbSpINIwd/jwIZmtkLMi9X4tYA==
  dependencies:
    "@solana/wallet-standard-wallet-adapter-base" "^1.0.0"
    "@wallet-standard/app" "^1.0.0"
    "@wallet-standard/base" "^1.0.0"

"@wallet-standard/app@^1.0.0":
  version "1.0.0"
  resolved "https://registry.yarnpkg.com/@wallet-standard/app/-/app-1.0.0.tgz#8b77d66c4413f4106afe20a25e0122a9a86d1fb6"
  integrity sha512-ElUzbW0QpqNEVcjfak1oE/abd0CgjXH2URJmj60VjSx5/g30HPZxynfBAyUV3EiSPyvo4CgM1HyLQ73Y+cDy3w==
  dependencies:
    "@wallet-standard/base" "^1.0.0"

"@wallet-standard/base@^1.0.0":
  version "1.0.0"
  resolved "https://registry.yarnpkg.com/@wallet-standard/base/-/base-1.0.0.tgz#0c18d4694ca337a7af76dcfaa374435f7524a0cf"
  integrity sha512-MxGmm4vFvz2zZ/NPphdsQxSsAEtHMFSgDLqo6WNaI0w1MLxj1S93cRIjhHCn7Ny7lpNJ6jVEZqhB3F/dqRkFlg==

"@wallet-standard/features@^1.0.0":
  version "1.0.0"
  resolved "https://registry.yarnpkg.com/@wallet-standard/features/-/features-1.0.0.tgz#de7e4129869c01c7349292f91291e48b1e69f412"
  integrity sha512-t0Fr+ds2e1L53NoIht8jLAt2pZJYupOouI9ztk4DEXRWZAC+iiPvIrH/fqI2YKmsfvNBRn6hUVsd3UsV3Uw3Sg==
  dependencies:
    "@wallet-standard/base" "^1.0.0"

"@wallet-standard/wallet@^1.0.0":
  version "1.0.0"
  resolved "https://registry.yarnpkg.com/@wallet-standard/wallet/-/wallet-1.0.0.tgz#60794c7c61cbff0a84941800625cfb8f282db3fb"
  integrity sha512-w+eiUj05Z0JCXYFEuFvzy6IkdAC46VvVe7nl33FPQ2MUmCfDTX7Q39dIOtf6g8yM+O3fzFNlvnTcuXgcqqmRrg==
  dependencies:
    "@wallet-standard/base" "^1.0.0"

base-x@^4.0.0:
  version "4.0.0"
  resolved "https://registry.yarnpkg.com/base-x/-/base-x-4.0.0.tgz#d0e3b7753450c73f8ad2389b5c018a4af7b2224a"
  integrity sha512-FuwxlW4H5kh37X/oW59pwTzzTKRzfrrQwhmyspRM7swOEZcHtDZSCt45U6oKgtuFE+WYPblePMVIPR4RZrh/hw==

bs58@^5.0.0:
  version "5.0.0"
  resolved "https://registry.yarnpkg.com/bs58/-/bs58-5.0.0.tgz#865575b4d13c09ea2a84622df6c8cbeb54ffc279"
  integrity sha512-r+ihvQJvahgYT50JD05dyJNKlmmSlMoOGwn1lCcEzanPglg7TxYjioQUYehQ9mAR/+hOSd2jRc/Z2y5UxBymvQ==
  dependencies:
    base-x "^4.0.0"

eventemitter3@^4.0.0:
  version "4.0.7"
  resolved "https://registry.yarnpkg.com/eventemitter3/-/eventemitter3-4.0.7.tgz#2de9b68f6528d5644ef5c59526a1b4a07306169f"
  integrity sha512-8guHBZCwKnFhYdHr2ysuRWErTwhoN2X8XELRlrRwpmfeY2jjuUN4taQMsULKUVo1K4DvZl+0pgfyoysHxvmvEw==

is-plain-obj@^2.1.0:
  version "2.1.0"
  resolved "https://registry.yarnpkg.com/is-plain-obj/-/is-plain-obj-2.1.0.tgz#45e42e37fccf1f40da8e5f76ee21515840c09287"
  integrity sha512-YWnfyRwxL/+SsrWYfOpUtz5b3YD+nyfkHvjbcanzk8zgyO4ASD67uVMRt8k5bM4lLMDnXfriRhOpemw+NfT1eA==

js-base64@^3.7.2:
  version "3.7.2"
  resolved "https://registry.yarnpkg.com/js-base64/-/js-base64-3.7.2.tgz#816d11d81a8aff241603d19ce5761e13e41d7745"
  integrity sha512-NnRs6dsyqUXejqk/yv2aiXlAvOs56sLkX6nUdeaNezI5LFFLlsZjOThmwnrcwh5ZZRwZlCMnVAY3CvhIhoVEKQ==

merge-options@^3.0.4:
  version "3.0.4"
  resolved "https://registry.yarnpkg.com/merge-options/-/merge-options-3.0.4.tgz#84709c2aa2a4b24c1981f66c179fe5565cc6dbb7"
  integrity sha512-2Sug1+knBjkaMsMgf1ctR1Ujx+Ayku4EdJN4Z+C2+JzoeF7A3OZ9KM2GY0CpQS51NR61LTurMJrRKPhSs3ZRTQ==
  dependencies:
    is-plain-obj "^2.1.0"
